lockfileVersion: 5.3

specifiers:
  echarts: ^5.3.0

dependencies:
  echarts: 5.3.0

packages:

  /echarts/5.3.0:
    resolution: {integrity: sha512-zENufmwFE6WjM+24tW3xQq4ICqQtI0CGj4bDVDNd3BK3LtaA/5wBp+64ykIyKy3QElz0cieKqSYP4FX9Lv9MwQ==}
    dependencies:
      tslib: 2.3.0
      zrender: 5.3.0
    dev: false

  /tslib/2.3.0:
    resolution: {integrity: sha512-N82ooyxVNm6h1riLCoyS9e3fuJ3AMG2zIZs2Gd1ATcSFjSA23Q0fzjjZeh0jbJvWVDZ0cJT8yaNNaaXHzueNjg==}
    dev: false

  /zrender/5.3.0:
    resolution: {integrity: sha512-Ln2QB5uqI1ftNYMtCRxd+XDq6MOttLgam2tmhKAVA+j0ko47UT+VNlDvKTkqe4K2sJhBvB0EhYNLebqlCTjatQ==}
    dependencies:
      tslib: 2.3.0
    dev: false
